
Microsoft Visual Studio Solution File, Format Version 12.00
# Visual Studio Version 17
VisualStudioVersion = 17.5.33424.131
MinimumVisualStudioVersion = 10.0.40219.1
Project("{FAE04EC0-301F-11D3-BF4B-00C04F79EFBC}") = "EmployeeVacations.Api", "EmployeeVacations\EmployeeVacations.Api.csproj", "{ABB5E7F3-639C-4949-9711-BA3F12F4BF48}"
EndProject
Project("{FAE04EC0-301F-11D3-BF4B-00C04F79EFBC}") = "EmployeeVacations.Core", "EmployeeVacations.Core\EmployeeVacations.Core.csproj", "{0047C07A-7BD5-4319-AD69-155A25B70556}"
EndProject
Project("{FAE04EC0-301F-11D3-BF4B-00C04F79EFBC}") = "EmployeeVacations.EF", "EmployeeVacations.EF\EmployeeVacations.EF.csproj", "{AEC92517-3C9A-4C33-9424-213154C77CB7}"
EndProject
Global
	GlobalSection(SolutionConfigurationPlatforms) = preSolution
		Debug|Any CPU = Debug|Any CPU
		Release|Any CPU = Release|Any CPU
	EndGlobalSection
	GlobalSection(ProjectConfigurationPlatforms) = postSolution
		{ABB5E7F3-639C-4949-9711-BA3F12F4BF48}.Debug|Any CPU.ActiveCfg = Debug|Any CPU
		{ABB5E7F3-639C-4949-9711-BA3F12F4BF48}.Debug|Any CPU.Build.0 = Debug|Any CPU
		{ABB5E7F3-639C-4949-9711-BA3F12F4BF48}.Release|Any CPU.ActiveCfg = Release|Any CPU
		{ABB5E7F3-639C-4949-9711-BA3F12F4BF48}.Release|Any CPU.Build.0 = Release|Any CPU
		{0047C07A-7BD5-4319-AD69-155A25B70556}.Debug|Any CPU.ActiveCfg = Debug|Any CPU
		{0047C07A-7BD5-4319-AD69-155A25B70556}.Debug|Any CPU.Build.0 = Debug|Any CPU
		{0047C07A-7BD5-4319-AD69-155A25B70556}.Release|Any CPU.ActiveCfg = Release|Any CPU
		{0047C07A-7BD5-4319-AD69-155A25B70556}.Release|Any CPU.Build.0 = Release|Any CPU
		{AEC92517-3C9A-4C33-9424-213154C77CB7}.Debug|Any CPU.ActiveCfg = Debug|Any CPU
		{AEC92517-3C9A-4C33-9424-213154C77CB7}.Debug|Any CPU.Build.0 = Debug|Any CPU
		{AEC92517-3C9A-4C33-9424-213154C77CB7}.Release|Any CPU.ActiveCfg = Release|Any CPU
		{AEC92517-3C9A-4C33-9424-213154C77CB7}.Release|Any CPU.Build.0 = Release|Any CPU
	EndGlobalSection
	GlobalSection(SolutionProperties) = preSolution
		HideSolutionNode = FALSE
	EndGlobalSection
	GlobalSection(ExtensibilityGlobals) = postSolution
		SolutionGuid = {1937C379-D442-42FD-B951-F0396931E03F}
	EndGlobalSection
EndGlobal
